
Microsoft Visual Studio Solution File, Format Version 12.00
# Visual Studio Version 17
VisualStudioVersion = 17.0.31903.59
MinimumVisualStudioVersion = 10.0.40219.1
Project("{888888A0-9F3D-457C-B088-3A5042F75D52}") = "NLPClass", "NLPClass\NLPClass.pyproj", "{BEA94E65-785B-4F20-8424-E177C1E31018}"
EndProject
Global
	GlobalSection(SolutionConfigurationPlatforms) = preSolution
		Debug|Any CPU = Debug|Any CPU
		Release|Any CPU = Release|Any CPU
	EndGlobalSection
	GlobalSection(ProjectConfigurationPlatforms) = postSolution
		{BEA94E65-785B-4F20-8424-E177C1E31018}.Debug|Any CPU.ActiveCfg = Debug|Any CPU
		{BEA94E65-785B-4F20-8424-E177C1E31018}.Release|Any CPU.ActiveCfg = Release|Any CPU
	EndGlobalSection
	GlobalSection(SolutionProperties) = preSolution
		HideSolutionNode = FALSE
	EndGlobalSection
	GlobalSection(ExtensibilityGlobals) = postSolution
		SolutionGuid = {1BDEF233-2659-4F68-BB56-93F8C1109D6A}
	EndGlobalSection
EndGlobal
